
Microsoft Visual Studio Solution File, Format Version 12.00
Project("{FAE04EC0-301F-11D3-BF4B-00C04F79EFBC}") = "Module08_lab", "Module08_lab\Module08_lab.csproj", "{DAAED249-6EDB-4129-AC95-457A3C3559D9}"
EndProject
Global
	GlobalSection(SolutionConfigurationPlatforms) = preSolution
		Debug|Any CPU = Debug|Any CPU
		Release|Any CPU = Release|Any CPU
	EndGlobalSection
	GlobalSection(ProjectConfigurationPlatforms) = postSolution
		{DAAED249-6EDB-4129-AC95-457A3C3559D9}.Debug|Any CPU.ActiveCfg = Debug|Any CPU
		{DAAED249-6EDB-4129-AC95-457A3C3559D9}.Debug|Any CPU.Build.0 = Debug|Any CPU
		{DAAED249-6EDB-4129-AC95-457A3C3559D9}.Release|Any CPU.ActiveCfg = Release|Any CPU
		{DAAED249-6EDB-4129-AC95-457A3C3559D9}.Release|Any CPU.Build.0 = Release|Any CPU
	EndGlobalSection
EndGlobal
